
Microsoft Visual Studio Solution File, Format Version 12.00
# Visual Studio Version 17
VisualStudioVersion = 17.4.33205.214
MinimumVisualStudioVersion = 10.0.40219.1
Project("{9A19103F-16F7-4668-BE54-9A1E7A4F7556}") = "Entities", "Entities\Entities.csproj", "{2CB94E17-9A09-45AB-98A3-DA2D737A8A1B}"
EndProject
Project("{9A19103F-16F7-4668-BE54-9A1E7A4F7556}") = "BusinessLayer", "BusinessLayer\BusinessLayer.csproj", "{5C996943-8DEF-4EA8-BA9C-C95D01B176BF}"
EndProject
Project("{9A19103F-16F7-4668-BE54-9A1E7A4F7556}") = "DataAccessLayer", "DataAccessLayer\DataAccessLayer.csproj", "{891C3EC3-BC6C-407A-A4CD-7182F7E084AE}"
EndProject
Project("{FAE04EC0-301F-11D3-BF4B-00C04F79EFBC}") = "Football_Team", "Football_Team\Football_Team.csproj", "{5E1078A2-4FE9-49E9-BB21-88E20C601B9C}"
EndProject
Global
	GlobalSection(SolutionConfigurationPlatforms) = preSolution
		Debug|Any CPU = Debug|Any CPU
		Release|Any CPU = Release|Any CPU
	EndGlobalSection
	GlobalSection(ProjectConfigurationPlatforms) = postSolution
		{2CB94E17-9A09-45AB-98A3-DA2D737A8A1B}.Debug|Any CPU.ActiveCfg = Debug|Any CPU
		{2CB94E17-9A09-45AB-98A3-DA2D737A8A1B}.Debug|Any CPU.Build.0 = Debug|Any CPU
		{2CB94E17-9A09-45AB-98A3-DA2D737A8A1B}.Release|Any CPU.ActiveCfg = Release|Any CPU
		{2CB94E17-9A09-45AB-98A3-DA2D737A8A1B}.Release|Any CPU.Build.0 = Release|Any CPU
		{5C996943-8DEF-4EA8-BA9C-C95D01B176BF}.Debug|Any CPU.ActiveCfg = Debug|Any CPU
		{5C996943-8DEF-4EA8-BA9C-C95D01B176BF}.Debug|Any CPU.Build.0 = Debug|Any CPU
		{5C996943-8DEF-4EA8-BA9C-C95D01B176BF}.Release|Any CPU.ActiveCfg = Release|Any CPU
		{5C996943-8DEF-4EA8-BA9C-C95D01B176BF}.Release|Any CPU.Build.0 = Release|Any CPU
		{891C3EC3-BC6C-407A-A4CD-7182F7E084AE}.Debug|Any CPU.ActiveCfg = Debug|Any CPU
		{891C3EC3-BC6C-407A-A4CD-7182F7E084AE}.Debug|Any CPU.Build.0 = Debug|Any CPU
		{891C3EC3-BC6C-407A-A4CD-7182F7E084AE}.Release|Any CPU.ActiveCfg = Release|Any CPU
		{891C3EC3-BC6C-407A-A4CD-7182F7E084AE}.Release|Any CPU.Build.0 = Release|Any CPU
		{5E1078A2-4FE9-49E9-BB21-88E20C601B9C}.Debug|Any CPU.ActiveCfg = Debug|Any CPU
		{5E1078A2-4FE9-49E9-BB21-88E20C601B9C}.Debug|Any CPU.Build.0 = Debug|Any CPU
		{5E1078A2-4FE9-49E9-BB21-88E20C601B9C}.Release|Any CPU.ActiveCfg = Release|Any CPU
		{5E1078A2-4FE9-49E9-BB21-88E20C601B9C}.Release|Any CPU.Build.0 = Release|Any CPU
	EndGlobalSection
	GlobalSection(SolutionProperties) = preSolution
		HideSolutionNode = FALSE
	EndGlobalSection
	GlobalSection(ExtensibilityGlobals) = postSolution
		SolutionGuid = {BB95C340-E976-4C7C-9611-9BBFC262BF92}
	EndGlobalSection
EndGlobal
